{
  "nodes": {
    "concur": {
      "flake": false,
      "locked": {
        "lastModified": 1663131655,
        "narHash": "sha256-91GctodTg01806Yd0mDVwt1wVNF+r9Ul0G/vJruV8KU=",
        "owner": "wavewave",
        "repo": "concur",
        "rev": "a46fbc05806ee43905f5f6dc420e4f0d9f085aa1",
        "type": "github"
      },
      "original": {
        "owner": "wavewave",
        "ref": "skippable",
        "repo": "concur",
        "type": "github"
      }
    },
    "concur-replica": {
      "flake": false,
      "locked": {
        "lastModified": 1663131698,
        "narHash": "sha256-nDH65oD/1HBb2qfHBAHulboyKi51g6M/khr+xbx/Ku8=",
        "owner": "wavewave",
        "repo": "concur-replica",
        "rev": "08a4c5f3c215b41ef5d6de91e6bb9f8d2c10ce67",
        "type": "github"
      },
      "original": {
        "owner": "wavewave",
        "ref": "skippable",
        "repo": "concur-replica",
        "type": "github"
      }
    },
    "fficxx": {
      "inputs": {
        "flake-utils": [
          "flake-utils"
        ],
        "nixpkgs": [
          "nixpkgs"
        ]
      },
      "locked": {
        "lastModified": 1661452640,
        "narHash": "sha256-5fPqMa8GDad9xIKr2LeglP4jPmrO6OdPuGukbz9qioI=",
        "owner": "wavewave",
        "repo": "fficxx",
        "rev": "030de8107b1d9c2027e454c67ec1e7d9e6463b38",
        "type": "github"
      },
      "original": {
        "owner": "wavewave",
        "ref": "aarch64-darwin",
        "repo": "fficxx",
        "type": "github"
      }
    },
    "flake-utils": {
      "locked": {
        "lastModified": 1656928814,
        "narHash": "sha256-RIFfgBuKz6Hp89yRr7+NR5tzIAbn52h8vT6vXkYjZoM=",
        "owner": "numtide",
        "repo": "flake-utils",
        "rev": "7e2a3b3dfd9af950a856d66b0a7d01e3c18aa249",
        "type": "github"
      },
      "original": {
        "owner": "numtide",
        "repo": "flake-utils",
        "type": "github"
      }
    },
    "hs-ogdf": {
      "inputs": {
        "fficxx": [
          "fficxx"
        ],
        "flake-utils": [
          "flake-utils"
        ],
        "nixpkgs": [
          "nixpkgs"
        ]
      },
      "locked": {
        "lastModified": 1661452672,
        "narHash": "sha256-R38pmA2GStr+aSJLWFKjkz9YjzRgha+Ubbwubp9VdiQ=",
        "owner": "wavewave",
        "repo": "hs-ogdf",
        "rev": "41343170b3a393ed5bd6034dd5af0b5f2051ceba",
        "type": "github"
      },
      "original": {
        "owner": "wavewave",
        "ref": "aarch64-darwin",
        "repo": "hs-ogdf",
        "type": "github"
      }
    },
    "nixpkgs": {
      "locked": {
        "lastModified": 1659364842,
        "narHash": "sha256-JqdX44cNoQpUnaYmpYrnQpwl/1bY6Raubkz1egzyM3E=",
        "owner": "avieth",
        "repo": "nixpkgs",
        "rev": "346134b9b036a6f5c3f7239b450343c88954acea",
        "type": "github"
      },
      "original": {
        "owner": "avieth",
        "repo": "nixpkgs",
        "rev": "346134b9b036a6f5c3f7239b450343c88954acea",
        "type": "github"
      }
    },
    "replica": {
      "flake": false,
      "locked": {
        "lastModified": 1663131759,
        "narHash": "sha256-y/JCt8U7QEy+Oq2vW83apw8v0ucLfroux62Lzu6rT8I=",
        "owner": "wavewave",
        "repo": "replica",
        "rev": "1e218b26f17e03e3e8425be4a6bdc4524b4e1261",
        "type": "github"
      },
      "original": {
        "owner": "wavewave",
        "ref": "skippable",
        "repo": "replica",
        "type": "github"
      }
    },
    "root": {
      "inputs": {
        "concur": "concur",
        "concur-replica": "concur-replica",
        "fficxx": "fficxx",
        "flake-utils": "flake-utils",
        "hs-ogdf": "hs-ogdf",
        "nixpkgs": "nixpkgs",
        "replica": "replica"
      }
    }
  },
  "root": "root",
  "version": 7
}
