{
  "nodes": {
    "concur": {
      "flake": false,
      "locked": {
        "lastModified": 1658195376,
        "narHash": "sha256-sMo4i3x821XAlbLpzM3yjVnPSt7EGRaSb5dnCRyVEsg=",
        "owner": "wavewave",
        "repo": "concur",
        "rev": "7718678e6e4907fb53bfd9248eda8fc175626f05",
        "type": "github"
      },
      "original": {
        "owner": "wavewave",
        "ref": "ghc-9.2",
        "repo": "concur",
        "type": "github"
      }
    },
    "concur-replica": {
      "flake": false,
      "locked": {
        "lastModified": 1603057542,
        "narHash": "sha256-G/z7f2DF8M6a1FwGMtjQw5fLpJygje0riOBrAjozJdw=",
        "owner": "wavewave",
        "repo": "concur-replica",
        "rev": "e15785b3b09e97790ae23c8ae8671c191d039a2c",
        "type": "github"
      },
      "original": {
        "owner": "wavewave",
        "ref": "ghc-9.2",
        "repo": "concur-replica",
        "type": "github"
      }
    },
    "fficxx": {
      "inputs": {
        "flake-utils": [
          "flake-utils"
        ],
        "nixpkgs": [
          "nixpkgs"
        ]
      },
      "locked": {
        "lastModified": 1664079829,
        "narHash": "sha256-qEmIkvoCThRV9Eh51hvgtf8hDfBX2vjEXmh2ejqZOt0=",
        "owner": "wavewave",
        "repo": "fficxx",
        "rev": "819aa9caefab1c58381dd4ba274fe7e7fd4a3d90",
        "type": "github"
      },
      "original": {
        "owner": "wavewave",
        "ref": "aarch64-darwin",
        "repo": "fficxx",
        "type": "github"
      }
    },
    "flake-utils": {
      "locked": {
        "lastModified": 1656928814,
        "narHash": "sha256-RIFfgBuKz6Hp89yRr7+NR5tzIAbn52h8vT6vXkYjZoM=",
        "owner": "numtide",
        "repo": "flake-utils",
        "rev": "7e2a3b3dfd9af950a856d66b0a7d01e3c18aa249",
        "type": "github"
      },
      "original": {
        "owner": "numtide",
        "repo": "flake-utils",
        "type": "github"
      }
    },
    "hs-ogdf": {
      "inputs": {
        "fficxx": [
          "fficxx"
        ],
        "flake-utils": [
          "flake-utils"
        ],
        "nixpkgs": [
          "nixpkgs"
        ]
      },
      "locked": {
        "lastModified": 1661452672,
        "narHash": "sha256-R38pmA2GStr+aSJLWFKjkz9YjzRgha+Ubbwubp9VdiQ=",
        "owner": "wavewave",
        "repo": "hs-ogdf",
        "rev": "41343170b3a393ed5bd6034dd5af0b5f2051ceba",
        "type": "github"
      },
      "original": {
        "owner": "wavewave",
        "ref": "aarch64-darwin",
        "repo": "hs-ogdf",
        "type": "github"
      }
    },
    "nixpkgs": {
      "locked": {
        "lastModified": 1659364842,
        "narHash": "sha256-JqdX44cNoQpUnaYmpYrnQpwl/1bY6Raubkz1egzyM3E=",
        "owner": "avieth",
        "repo": "nixpkgs",
        "rev": "346134b9b036a6f5c3f7239b450343c88954acea",
        "type": "github"
      },
      "original": {
        "owner": "avieth",
        "repo": "nixpkgs",
        "rev": "346134b9b036a6f5c3f7239b450343c88954acea",
        "type": "github"
      }
    },
    "replica": {
      "flake": false,
      "locked": {
        "lastModified": 1658195753,
        "narHash": "sha256-hD65yVXN3pl1e/FmUfqKJeJbOrh/q7MNwY3HPw5WNoU=",
        "owner": "wavewave",
        "repo": "replica",
        "rev": "a222c76b9e16ee78d784f553bb3d511027272b1f",
        "type": "github"
      },
      "original": {
        "owner": "wavewave",
        "ref": "ghc-9.2",
        "repo": "replica",
        "type": "github"
      }
    },
    "root": {
      "inputs": {
        "concur": "concur",
        "concur-replica": "concur-replica",
        "fficxx": "fficxx",
        "flake-utils": "flake-utils",
        "hs-ogdf": "hs-ogdf",
        "nixpkgs": "nixpkgs",
        "replica": "replica"
      }
    }
  },
  "root": "root",
  "version": 7
}
