{
  "nodes": {
    "OGDF": {
      "flake": false,
      "locked": {
        "narHash": "sha256-IHjGsLO9EtwVwSs5z9Bgd8o7jIApCmFTESgVHwdxr6k=",
        "type": "tarball",
        "url": "https://hackage.haskell.org/package/OGDF-1.0.0.0/OGDF-1.0.0.0.tar.gz"
      },
      "original": {
        "type": "tarball",
        "url": "https://hackage.haskell.org/package/OGDF-1.0.0.0/OGDF-1.0.0.0.tar.gz"
      }
    },
    "concur": {
      "flake": false,
      "locked": {
        "lastModified": 1658195376,
        "narHash": "sha256-sMo4i3x821XAlbLpzM3yjVnPSt7EGRaSb5dnCRyVEsg=",
        "owner": "wavewave",
        "repo": "concur",
        "rev": "7718678e6e4907fb53bfd9248eda8fc175626f05",
        "type": "github"
      },
      "original": {
        "owner": "wavewave",
        "ref": "ghc-9.2",
        "repo": "concur",
        "type": "github"
      }
    },
    "concur-replica": {
      "flake": false,
      "locked": {
        "lastModified": 1603057542,
        "narHash": "sha256-G/z7f2DF8M6a1FwGMtjQw5fLpJygje0riOBrAjozJdw=",
        "owner": "wavewave",
        "repo": "concur-replica",
        "rev": "e15785b3b09e97790ae23c8ae8671c191d039a2c",
        "type": "github"
      },
      "original": {
        "owner": "wavewave",
        "ref": "ghc-9.2",
        "repo": "concur-replica",
        "type": "github"
      }
    },
    "flake-utils": {
      "locked": {
        "lastModified": 1656928814,
        "narHash": "sha256-RIFfgBuKz6Hp89yRr7+NR5tzIAbn52h8vT6vXkYjZoM=",
        "owner": "numtide",
        "repo": "flake-utils",
        "rev": "7e2a3b3dfd9af950a856d66b0a7d01e3c18aa249",
        "type": "github"
      },
      "original": {
        "owner": "numtide",
        "repo": "flake-utils",
        "type": "github"
      }
    },
    "nixpkgs": {
      "locked": {
        "lastModified": 1672195622,
        "narHash": "sha256-Z03+maRn7EC6XzCV1+gf9JuuvSnNduy0v5RJngf+4FA=",
        "owner": "NixOS",
        "repo": "nixpkgs",
        "rev": "9a2e72335c6651d5fb16e6901aa4b5c790c243db",
        "type": "github"
      },
      "original": {
        "owner": "NixOS",
        "ref": "master",
        "repo": "nixpkgs",
        "type": "github"
      }
    },
    "nixpkgs-ogdf": {
      "locked": {
        "lastModified": 1670523482,
        "narHash": "sha256-1ZWE1CalCCBYvDXsvFMi7ic7wj3FTBu/x/DbWRWJ/zY=",
        "owner": "wavewave",
        "repo": "nixpkgs",
        "rev": "7d0e9079f6c339d23f416da5a29b3d460d220b30",
        "type": "github"
      },
      "original": {
        "owner": "wavewave",
        "ref": "wavewave/ogdf",
        "repo": "nixpkgs",
        "type": "github"
      }
    },
    "replica": {
      "flake": false,
      "locked": {
        "lastModified": 1658195753,
        "narHash": "sha256-hD65yVXN3pl1e/FmUfqKJeJbOrh/q7MNwY3HPw5WNoU=",
        "owner": "wavewave",
        "repo": "replica",
        "rev": "a222c76b9e16ee78d784f553bb3d511027272b1f",
        "type": "github"
      },
      "original": {
        "owner": "wavewave",
        "ref": "ghc-9.2",
        "repo": "replica",
        "type": "github"
      }
    },
    "root": {
      "inputs": {
        "OGDF": "OGDF",
        "concur": "concur",
        "concur-replica": "concur-replica",
        "flake-utils": "flake-utils",
        "nixpkgs": "nixpkgs",
        "nixpkgs-ogdf": "nixpkgs-ogdf",
        "replica": "replica"
      }
    }
  },
  "root": "root",
  "version": 7
}
